
Microsoft Visual Studio Solution File, Format Version 12.00
# Visual Studio Version 16
VisualStudioVersion = 16.0.31515.178
MinimumVisualStudioVersion = 10.0.40219.1
Project("{FAE04EC0-301F-11D3-BF4B-00C04F79EFBC}") = "IHttpClientFactory", "IHttpClientFactory\IHttpClientFactory.csproj", "{775C489C-1821-4D0B-82FC-B408F44605B9}"
EndProject
Global
	GlobalSection(SolutionConfigurationPlatforms) = preSolution
		Debug|Any CPU = Debug|Any CPU
		Release|Any CPU = Release|Any CPU
	EndGlobalSection
	GlobalSection(ProjectConfigurationPlatforms) = postSolution
		{775C489C-1821-4D0B-82FC-B408F44605B9}.Debug|Any CPU.ActiveCfg = Debug|Any CPU
		{775C489C-1821-4D0B-82FC-B408F44605B9}.Debug|Any CPU.Build.0 = Debug|Any CPU
		{775C489C-1821-4D0B-82FC-B408F44605B9}.Release|Any CPU.ActiveCfg = Release|Any CPU
		{775C489C-1821-4D0B-82FC-B408F44605B9}.Release|Any CPU.Build.0 = Release|Any CPU
	EndGlobalSection
	GlobalSection(SolutionProperties) = preSolution
		HideSolutionNode = FALSE
	EndGlobalSection
	GlobalSection(ExtensibilityGlobals) = postSolution
		SolutionGuid = {4E4FB5F9-9C87-47D2-AB33-0826E4ECC7FA}
	EndGlobalSection
EndGlobal
